
Microsoft Visual Studio Solution File, Format Version 12.00
# Visual Studio Version 16
VisualStudioVersion = 16.0.34407.143
MinimumVisualStudioVersion = 10.0.40219.1
Project("{FAE04EC0-301F-11D3-BF4B-00C04F79EFBC}") = "POS System", "POS System.csproj", "{8B4879EE-C380-4DF9-AEC8-DC1DEAAAE051}"
EndProject
Project("{54435603-DBB4-11D2-8724-00A0C9A8B90C}") = "Point of Sale", "..\Point of Sale\Point of Sale.vdproj", "{36811592-3606-4CCA-9AC8-34CBC6C480B3}"
EndProject
Global
	GlobalSection(SolutionConfigurationPlatforms) = preSolution
		Debug|Any CPU = Debug|Any CPU
		Release|Any CPU = Release|Any CPU
	EndGlobalSection
	GlobalSection(ProjectConfigurationPlatforms) = postSolution
		{8B4879EE-C380-4DF9-AEC8-DC1DEAAAE051}.Debug|Any CPU.ActiveCfg = Debug|Any CPU
		{8B4879EE-C380-4DF9-AEC8-DC1DEAAAE051}.Debug|Any CPU.Build.0 = Debug|Any CPU
		{8B4879EE-C380-4DF9-AEC8-DC1DEAAAE051}.Release|Any CPU.ActiveCfg = Release|Any CPU
		{8B4879EE-C380-4DF9-AEC8-DC1DEAAAE051}.Release|Any CPU.Build.0 = Release|Any CPU
		{36811592-3606-4CCA-9AC8-34CBC6C480B3}.Debug|Any CPU.ActiveCfg = Debug
		{36811592-3606-4CCA-9AC8-34CBC6C480B3}.Release|Any CPU.ActiveCfg = Release
	EndGlobalSection
	GlobalSection(SolutionProperties) = preSolution
		HideSolutionNode = FALSE
	EndGlobalSection
	GlobalSection(ExtensibilityGlobals) = postSolution
		SolutionGuid = {6401A075-68EE-4E4F-BB37-A6F5321D3A79}
	EndGlobalSection
EndGlobal
